
Microsoft Visual Studio Solution File, Format Version 12.00
# Visual Studio Version 17
VisualStudioVersion = 17.1.32328.378
MinimumVisualStudioVersion = 10.0.40219.1
Project("{FAE04EC0-301F-11D3-BF4B-00C04F79EFBC}") = "Zordle", "Zordle\Zordle.csproj", "{B86D4B2C-F8AD-4338-8A54-D325EBED6F90}"
EndProject
Global
	GlobalSection(SolutionConfigurationPlatforms) = preSolution
		Debug|Any CPU = Debug|Any CPU
		Release|Any CPU = Release|Any CPU
	EndGlobalSection
	GlobalSection(ProjectConfigurationPlatforms) = postSolution
		{B86D4B2C-F8AD-4338-8A54-D325EBED6F90}.Debug|Any CPU.ActiveCfg = Debug|Any CPU
		{B86D4B2C-F8AD-4338-8A54-D325EBED6F90}.Debug|Any CPU.Build.0 = Debug|Any CPU
		{B86D4B2C-F8AD-4338-8A54-D325EBED6F90}.Release|Any CPU.ActiveCfg = Release|Any CPU
		{B86D4B2C-F8AD-4338-8A54-D325EBED6F90}.Release|Any CPU.Build.0 = Release|Any CPU
	EndGlobalSection
	GlobalSection(SolutionProperties) = preSolution
		HideSolutionNode = FALSE
	EndGlobalSection
	GlobalSection(ExtensibilityGlobals) = postSolution
		SolutionGuid = {CC4458A7-1A1C-4D39-A275-56CEE197BBCD}
	EndGlobalSection
EndGlobal
